// !$*UTF8*$!
{
	archiveVersion = 1;
	classes = {
	};
	objectVersion = 55;
	objects = {

/* Begin PBXBuildFile section */
		9B78DF2828355822004FF5B7 /* AppDelegate.swift in Sources */ = {isa = PBXBuildFile; fileRef = 9B78DF2728355822004FF5B7 /* AppDelegate.swift */; };
		9B78DF2A28355822004FF5B7 /* SceneDelegate.swift in Sources */ = {isa = PBXBuildFile; fileRef = 9B78DF2928355822004FF5B7 /* SceneDelegate.swift */; };
		9B78DF2C28355822004FF5B7 /* ViewController.swift in Sources */ = {isa = PBXBuildFile; fileRef = 9B78DF2B28355822004FF5B7 /* ViewController.swift */; };
		9B78DF2F28355822004FF5B7 /* Main.storyboard in Resources */ = {isa = PBXBuildFile; fileRef = 9B78DF2D28355822004FF5B7 /* Main.storyboard */; };
		9B78DF3128355823004FF5B7 /* Assets.xcassets in Resources */ = {isa = PBXBuildFile; fileRef = 9B78DF3028355823004FF5B7 /* Assets.xcassets */; };
		9B78DF3428355823004FF5B7 /* LaunchScreen.storyboard in Resources */ = {isa = PBXBuildFile; fileRef = 9B78DF3228355823004FF5B7 /* LaunchScreen.storyboard */; };
		9B78DF3F28355823004FF5B7 /* OTDesignables_protoTests.swift in Sources */ = {isa = PBXBuildFile; fileRef = 9B78DF3E28355823004FF5B7 /* OTDesignables_protoTests.swift */; };
		9B78DF4928355823004FF5B7 /* OTDesignables_protoUITests.swift in Sources */ = {isa = PBXBuildFile; fileRef = 9B78DF4828355823004FF5B7 /* OTDesignables_protoUITests.swift */; };
		9B78DF4B28355823004FF5B7 /* OTDesignables_protoUITestsLaunchTests.swift in Sources */ = {isa = PBXBuildFile; fileRef = 9B78DF4A28355823004FF5B7 /* OTDesignables_protoUITestsLaunchTests.swift */; };
/* End PBXBuildFile section */

/* Begin PBXContainerItemProxy section */
		9B78DF3B28355823004FF5B7 /* PBXContainerItemProxy */ = {
			isa = PBXContainerItemProxy;
			containerPortal = 9B78DF1C28355822004FF5B7 /* Project object */;
			proxyType = 1;
			remoteGlobalIDString = 9B78DF2328355822004FF5B7;
			remoteInfo = OTDesignables_proto;
		};
		9B78DF4528355823004FF5B7 /* PBXContainerItemProxy */ = {
			isa = PBXContainerItemProxy;
			containerPortal = 9B78DF1C28355822004FF5B7 /* Project object */;
			proxyType = 1;
			remoteGlobalIDString = 9B78DF2328355822004FF5B7;
			remoteInfo = OTDesignables_proto;
		};
/* End PBXContainerItemProxy section */

/* Begin PBXFileReference section */
		9B78DF2428355822004FF5B7 /* OTDesignables_proto.app */ = {isa = PBXFileReference; explicitFileType = wrapper.application; includeInIndex = 0; path = OTDesignables_proto.app; sourceTree = BUILT_PRODUCTS_DIR; };
		9B78DF2728355822004FF5B7 /* AppDelegate.swift */ = {isa = PBXFileReference; lastKnownFileType = sourcecode.swift; path = AppDelegate.swift; sourceTree = "<group>"; };
		9B78DF2928355822004FF5B7 /* SceneDelegate.swift */ = {isa = PBXFileReference; lastKnownFileType = sourcecode.swift; path = SceneDelegate.swift; sourceTree = "<group>"; };
		9B78DF2B28355822004FF5B7 /* ViewController.swift */ = {isa = PBXFileReference; lastKnownFileType = sourcecode.swift; path = ViewController.swift; sourceTree = "<group>"; };
		9B78DF2E28355822004FF5B7 /* Base */ = {isa = PBXFileReference; lastKnownFileType = file.storyboard; name = Base; path = Base.lproj/Main.storyboard; sourceTree = "<group>"; };
		9B78DF3028355823004FF5B7 /* Assets.xcassets */ = {isa = PBXFileReference; lastKnownFileType = folder.assetcatalog; path = Assets.xcassets; sourceTree = "<group>"; };
		9B78DF3328355823004FF5B7 /* Base */ = {isa = PBXFileReference; lastKnownFileType = file.storyboard; name = Base; path = Base.lproj/LaunchScreen.storyboard; sourceTree = "<group>"; };
		9B78DF3528355823004FF5B7 /* Info.plist */ = {isa = PBXFileReference; lastKnownFileType = text.plist.xml; path = Info.plist; sourceTree = "<group>"; };
		9B78DF3A28355823004FF5B7 /* OTDesignables_protoTests.xctest */ = {isa = PBXFileReference; explicitFileType = wrapper.cfbundle; includeInIndex = 0; path = OTDesignables_protoTests.xctest; sourceTree = BUILT_PRODUCTS_DIR; };
		9B78DF3E28355823004FF5B7 /* OTDesignables_protoTests.swift */ = {isa = PBXFileReference; lastKnownFileType = sourcecode.swift; path = OTDesignables_protoTests.swift; sourceTree = "<group>"; };
		9B78DF4428355823004FF5B7 /* OTDesignables_protoUITests.xctest */ = {isa = PBXFileReference; explicitFileType = wrapper.cfbundle; includeInIndex = 0; path = OTDesignables_protoUITests.xctest; sourceTree = BUILT_PRODUCTS_DIR; };
		9B78DF4828355823004FF5B7 /* OTDesignables_protoUITests.swift */ = {isa = PBXFileReference; lastKnownFileType = sourcecode.swift; path = OTDesignables_protoUITests.swift; sourceTree = "<group>"; };
		9B78DF4A28355823004FF5B7 /* OTDesignables_protoUITestsLaunchTests.swift */ = {isa = PBXFileReference; lastKnownFileType = sourcecode.swift; path = OTDesignables_protoUITestsLaunchTests.swift; sourceTree = "<group>"; };
/* End PBXFileReference section */

/* Begin PBXFrameworksBuildPhase section */
		9B78DF2128355822004FF5B7 /* Frameworks */ = {
			isa = PBXFrameworksBuildPhase;
			buildActionMask = 2147483647;
			files = (
			);
			runOnlyForDeploymentPostprocessing = 0;
		};
		9B78DF3728355823004FF5B7 /* Frameworks */ = {
			isa = PBXFrameworksBuildPhase;
			buildActionMask = 2147483647;
			files = (
			);
			runOnlyForDeploymentPostprocessing = 0;
		};
		9B78DF4128355823004FF5B7 /* Frameworks */ = {
			isa = PBXFrameworksBuildPhase;
			buildActionMask = 2147483647;
			files = (
			);
			runOnlyForDeploymentPostprocessing = 0;
		};
/* End PBXFrameworksBuildPhase section */

/* Begin PBXGroup section */
		9B78DF1B28355822004FF5B7 = {
			isa = PBXGroup;
			children = (
				9B78DF2628355822004FF5B7 /* OTDesignables_proto */,
				9B78DF3D28355823004FF5B7 /* OTDesignables_protoTests */,
				9B78DF4728355823004FF5B7 /* OTDesignables_protoUITests */,
				9B78DF2528355822004FF5B7 /* Products */,
			);
			sourceTree = "<group>";
		};
		9B78DF2528355822004FF5B7 /* Products */ = {
			isa = PBXGroup;
			children = (
				9B78DF2428355822004FF5B7 /* OTDesignables_proto.app */,
				9B78DF3A28355823004FF5B7 /* OTDesignables_protoTests.xctest */,
				9B78DF4428355823004FF5B7 /* OTDesignables_protoUITests.xctest */,
			);
			name = Products;
			sourceTree = "<group>";
		};
		9B78DF2628355822004FF5B7 /* OTDesignables_proto */ = {
			isa = PBXGroup;
			children = (
				9B78DF2728355822004FF5B7 /* AppDelegate.swift */,
				9B78DF2928355822004FF5B7 /* SceneDelegate.swift */,
				9B78DF2B28355822004FF5B7 /* ViewController.swift */,
				9B78DF2D28355822004FF5B7 /* Main.storyboard */,
				9B78DF3028355823004FF5B7 /* Assets.xcassets */,
				9B78DF3228355823004FF5B7 /* LaunchScreen.storyboard */,
				9B78DF3528355823004FF5B7 /* Info.plist */,
			);
			path = OTDesignables_proto;
			sourceTree = "<group>";
		};
		9B78DF3D28355823004FF5B7 /* OTDesignables_protoTests */ = {
			isa = PBXGroup;
			children = (
				9B78DF3E28355823004FF5B7 /* OTDesignables_protoTests.swift */,
			);
			path = OTDesignables_protoTests;
			sourceTree = "<group>";
		};
		9B78DF4728355823004FF5B7 /* OTDesignables_protoUITests */ = {
			isa = PBXGroup;
			children = (
				9B78DF4828355823004FF5B7 /* OTDesignables_protoUITests.swift */,
				9B78DF4A28355823004FF5B7 /* OTDesignables_protoUITestsLaunchTests.swift */,
			);
			path = OTDesignables_protoUITests;
			sourceTree = "<group>";
		};
/* End PBXGroup section */

/* Begin PBXNativeTarget section */
		9B78DF2328355822004FF5B7 /* OTDesignables_proto */ = {
			isa = PBXNativeTarget;
			buildConfigurationList = 9B78DF4E28355823004FF5B7 /* Build configuration list for PBXNativeTarget "OTDesignables_proto" */;
			buildPhases = (
				9B78DF2028355822004FF5B7 /* Sources */,
				9B78DF2128355822004FF5B7 /* Frameworks */,
				9B78DF2228355822004FF5B7 /* Resources */,
			);
			buildRules = (
			);
			dependencies = (
			);
			name = OTDesignables_proto;
			productName = OTDesignables_proto;
			productReference = 9B78DF2428355822004FF5B7 /* OTDesignables_proto.app */;
			productType = "com.apple.product-type.application";
		};
		9B78DF3928355823004FF5B7 /* OTDesignables_protoTests */ = {
			isa = PBXNativeTarget;
			buildConfigurationList = 9B78DF5128355823004FF5B7 /* Build configuration list for PBXNativeTarget "OTDesignables_protoTests" */;
			buildPhases = (
				9B78DF3628355823004FF5B7 /* Sources */,
				9B78DF3728355823004FF5B7 /* Frameworks */,
				9B78DF3828355823004FF5B7 /* Resources */,
			);
			buildRules = (
			);
			dependencies = (
				9B78DF3C28355823004FF5B7 /* PBXTargetDependency */,
			);
			name = OTDesignables_protoTests;
			productName = OTDesignables_protoTests;
			productReference = 9B78DF3A28355823004FF5B7 /* OTDesignables_protoTests.xctest */;
			productType = "com.apple.product-type.bundle.unit-test";
		};
		9B78DF4328355823004FF5B7 /* OTDesignables_protoUITests */ = {
			isa = PBXNativeTarget;
			buildConfigurationList = 9B78DF5428355823004FF5B7 /* Build configuration list for PBXNativeTarget "OTDesignables_protoUITests" */;
			buildPhases = (
				9B78DF4028355823004FF5B7 /* Sources */,
				9B78DF4128355823004FF5B7 /* Frameworks */,
				9B78DF4228355823004FF5B7 /* Resources */,
			);
			buildRules = (
			);
			dependencies = (
				9B78DF4628355823004FF5B7 /* PBXTargetDependency */,
			);
			name = OTDesignables_protoUITests;
			productName = OTDesignables_protoUITests;
			productReference = 9B78DF4428355823004FF5B7 /* OTDesignables_protoUITests.xctest */;
			productType = "com.apple.product-type.bundle.ui-testing";
		};
/* End PBXNativeTarget section */

/* Begin PBXProject section */
		9B78DF1C28355822004FF5B7 /* Project object */ = {
			isa = PBXProject;
			attributes = {
				BuildIndependentTargetsInParallel = 1;
				LastSwiftUpdateCheck = 1340;
				LastUpgradeCheck = 1340;
				TargetAttributes = {
					9B78DF2328355822004FF5B7 = {
						CreatedOnToolsVersion = 13.4;
					};
					9B78DF3928355823004FF5B7 = {
						CreatedOnToolsVersion = 13.4;
						TestTargetID = 9B78DF2328355822004FF5B7;
					};
					9B78DF4328355823004FF5B7 = {
						CreatedOnToolsVersion = 13.4;
						TestTargetID = 9B78DF2328355822004FF5B7;
					};
				};
			};
			buildConfigurationList = 9B78DF1F28355822004FF5B7 /* Build configuration list for PBXProject "OTDesignables_proto" */;
			compatibilityVersion = "Xcode 13.0";
			developmentRegion = en;
			hasScannedForEncodings = 0;
			knownRegions = (
				en,
				Base,
			);
			mainGroup = 9B78DF1B28355822004FF5B7;
			productRefGroup = 9B78DF2528355822004FF5B7 /* Products */;
			projectDirPath = "";
			projectRoot = "";
			targets = (
				9B78DF2328355822004FF5B7 /* OTDesignables_proto */,
				9B78DF3928355823004FF5B7 /* OTDesignables_protoTests */,
				9B78DF4328355823004FF5B7 /* OTDesignables_protoUITests */,
			);
		};
/* End PBXProject section */

/* Begin PBXResourcesBuildPhase section */
		9B78DF2228355822004FF5B7 /* Resources */ = {
			isa = PBXResourcesBuildPhase;
			buildActionMask = 2147483647;
			files = (
				9B78DF3428355823004FF5B7 /* LaunchScreen.storyboard in Resources */,
				9B78DF3128355823004FF5B7 /* Assets.xcassets in Resources */,
				9B78DF2F28355822004FF5B7 /* Main.storyboard in Resources */,
			);
			runOnlyForDeploymentPostprocessing = 0;
		};
		9B78DF3828355823004FF5B7 /* Resources */ = {
			isa = PBXResourcesBuildPhase;
			buildActionMask = 2147483647;
			files = (
			);
			runOnlyForDeploymentPostprocessing = 0;
		};
		9B78DF4228355823004FF5B7 /* Resources */ = {
			isa = PBXResourcesBuildPhase;
			buildActionMask = 2147483647;
			files = (
			);
			runOnlyForDeploymentPostprocessing = 0;
		};
/* End PBXResourcesBuildPhase section */

/* Begin PBXSourcesBuildPhase section */
		9B78DF2028355822004FF5B7 /* Sources */ = {
			isa = PBXSourcesBuildPhase;
			buildActionMask = 2147483647;
			files = (
				9B78DF2C28355822004FF5B7 /* ViewController.swift in Sources */,
				9B78DF2828355822004FF5B7 /* AppDelegate.swift in Sources */,
				9B78DF2A28355822004FF5B7 /* SceneDelegate.swift in Sources */,
			);
			runOnlyForDeploymentPostprocessing = 0;
		};
		9B78DF3628355823004FF5B7 /* Sources */ = {
			isa = PBXSourcesBuildPhase;
			buildActionMask = 2147483647;
			files = (
				9B78DF3F28355823004FF5B7 /* OTDesignables_protoTests.swift in Sources */,
			);
			runOnlyForDeploymentPostprocessing = 0;
		};
		9B78DF4028355823004FF5B7 /* Sources */ = {
			isa = PBXSourcesBuildPhase;
			buildActionMask = 2147483647;
			files = (
				9B78DF4B28355823004FF5B7 /* OTDesignables_protoUITestsLaunchTests.swift in Sources */,
				9B78DF4928355823004FF5B7 /* OTDesignables_protoUITests.swift in Sources */,
			);
			runOnlyForDeploymentPostprocessing = 0;
		};
/* End PBXSourcesBuildPhase section */

/* Begin PBXTargetDependency section */
		9B78DF3C28355823004FF5B7 /* PBXTargetDependency */ = {
			isa = PBXTargetDependency;
			target = 9B78DF2328355822004FF5B7 /* OTDesignables_proto */;
			targetProxy = 9B78DF3B28355823004FF5B7 /* PBXContainerItemProxy */;
		};
		9B78DF4628355823004FF5B7 /* PBXTargetDependency */ = {
			isa = PBXTargetDependency;
			target = 9B78DF2328355822004FF5B7 /* OTDesignables_proto */;
			targetProxy = 9B78DF4528355823004FF5B7 /* PBXContainerItemProxy */;
		};
/* End PBXTargetDependency section */

/* Begin PBXVariantGroup section */
		9B78DF2D28355822004FF5B7 /* Main.storyboard */ = {
			isa = PBXVariantGroup;
			children = (
				9B78DF2E28355822004FF5B7 /* Base */,
			);
			name = Main.storyboard;
			sourceTree = "<group>";
		};
		9B78DF3228355823004FF5B7 /* LaunchScreen.storyboard */ = {
			isa = PBXVariantGroup;
			children = (
				9B78DF3328355823004FF5B7 /* Base */,
			);
			name = LaunchScreen.storyboard;
			sourceTree = "<group>";
		};
/* End PBXVariantGroup section */

/* Begin XCBuildConfiguration section */
		9B78DF4C28355823004FF5B7 /* Debug */ = {
			isa = XCBuildConfiguration;
			buildSettings = {
				ALWAYS_SEARCH_USER_PATHS = NO;
				CLANG_ANALYZER_NONNULL = YES;
				CLANG_ANALYZER_NUMBER_OBJECT_CONVERSION = YES_AGGRESSIVE;
				CLANG_CXX_LANGUAGE_STANDARD = "gnu++17";
				CLANG_ENABLE_MODULES = YES;
				CLANG_ENABLE_OBJC_ARC = YES;
				CLANG_ENABLE_OBJC_WEAK = YES;
				CLANG_WARN_BLOCK_CAPTURE_AUTORELEASING = YES;
				CLANG_WARN_BOOL_CONVERSION = YES;
				CLANG_WARN_COMMA = YES;
				CLANG_WARN_CONSTANT_CONVERSION = YES;
				CLANG_WARN_DEPRECATED_OBJC_IMPLEMENTATIONS = YES;
				CLANG_WARN_DIRECT_OBJC_ISA_USAGE = YES_ERROR;
				CLANG_WARN_DOCUMENTATION_COMMENTS = YES;
				CLANG_WARN_EMPTY_BODY = YES;
				CLANG_WARN_ENUM_CONVERSION = YES;
				CLANG_WARN_INFINITE_RECURSION = YES;
				CLANG_WARN_INT_CONVERSION = YES;
				CLANG_WARN_NON_LITERAL_NULL_CONVERSION = YES;
				CLANG_WARN_OBJC_IMPLICIT_RETAIN_SELF = YES;
				CLANG_WARN_OBJC_LITERAL_CONVERSION = YES;
				CLANG_WARN_OBJC_ROOT_CLASS = YES_ERROR;
				CLANG_WARN_QUOTED_INCLUDE_IN_FRAMEWORK_HEADER = YES;
				CLANG_WARN_RANGE_LOOP_ANALYSIS = YES;
				CLANG_WARN_STRICT_PROTOTYPES = YES;
				CLANG_WARN_SUSPICIOUS_MOVE = YES;
				CLANG_WARN_UNGUARDED_AVAILABILITY = YES_AGGRESSIVE;
				CLANG_WARN_UNREACHABLE_CODE = YES;
				CLANG_WARN__DUPLICATE_METHOD_MATCH = YES;
				COPY_PHASE_STRIP = NO;
				DEBUG_INFORMATION_FORMAT = dwarf;
				ENABLE_STRICT_OBJC_MSGSEND = YES;
				ENABLE_TESTABILITY = YES;
				GCC_C_LANGUAGE_STANDARD = gnu11;
				GCC_DYNAMIC_NO_PIC = NO;
				GCC_NO_COMMON_BLOCKS = YES;
				GCC_OPTIMIZATION_LEVEL = 0;
				GCC_PREPROCESSOR_DEFINITIONS = (
					"DEBUG=1",
					"$(inherited)",
				);
				GCC_WARN_64_TO_32_BIT_CONVERSION = YES;
				GCC_WARN_ABOUT_RETURN_TYPE = YES_ERROR;
				GCC_WARN_UNDECLARED_SELECTOR = YES;
				GCC_WARN_UNINITIALIZED_AUTOS = YES_AGGRESSIVE;
				GCC_WARN_UNUSED_FUNCTION = YES;
				GCC_WARN_UNUSED_VARIABLE = YES;
				IPHONEOS_DEPLOYMENT_TARGET = 15.5;
				MTL_ENABLE_DEBUG_INFO = INCLUDE_SOURCE;
				MTL_FAST_MATH = YES;
				ONLY_ACTIVE_ARCH = YES;
				SDKROOT = iphoneos;
				SWIFT_ACTIVE_COMPILATION_CONDITIONS = DEBUG;
				SWIFT_OPTIMIZATION_LEVEL = "-Onone";
			};
			name = Debug;
		};
		9B78DF4D28355823004FF5B7 /* Release */ = {
			isa = XCBuildConfiguration;
			buildSettings = {
				ALWAYS_SEARCH_USER_PATHS = NO;
				CLANG_ANALYZER_NONNULL = YES;
				CLANG_ANALYZER_NUMBER_OBJECT_CONVERSION = YES_AGGRESSIVE;
				CLANG_CXX_LANGUAGE_STANDARD = "gnu++17";
				CLANG_ENABLE_MODULES = YES;
				CLANG_ENABLE_OBJC_ARC = YES;
				CLANG_ENABLE_OBJC_WEAK = YES;
				CLANG_WARN_BLOCK_CAPTURE_AUTORELEASING = YES;
				CLANG_WARN_BOOL_CONVERSION = YES;
				CLANG_WARN_COMMA = YES;
				CLANG_WARN_CONSTANT_CONVERSION = YES;
				CLANG_WARN_DEPRECATED_OBJC_IMPLEMENTATIONS = YES;
				CLANG_WARN_DIRECT_OBJC_ISA_USAGE = YES_ERROR;
				CLANG_WARN_DOCUMENTATION_COMMENTS = YES;
				CLANG_WARN_EMPTY_BODY = YES;
				CLANG_WARN_ENUM_CONVERSION = YES;
				CLANG_WARN_INFINITE_RECURSION = YES;
				CLANG_WARN_INT_CONVERSION = YES;
				CLANG_WARN_NON_LITERAL_NULL_CONVERSION = YES;
				CLANG_WARN_OBJC_IMPLICIT_RETAIN_SELF = YES;
				CLANG_WARN_OBJC_LITERAL_CONVERSION = YES;
				CLANG_WARN_OBJC_ROOT_CLASS = YES_ERROR;
				CLANG_WARN_QUOTED_INCLUDE_IN_FRAMEWORK_HEADER = YES;
				CLANG_WARN_RANGE_LOOP_ANALYSIS = YES;
				CLANG_WARN_STRICT_PROTOTYPES = YES;
				CLANG_WARN_SUSPICIOUS_MOVE = YES;
				CLANG_WARN_UNGUARDED_AVAILABILITY = YES_AGGRESSIVE;
				CLANG_WARN_UNREACHABLE_CODE = YES;
				CLANG_WARN__DUPLICATE_METHOD_MATCH = YES;
				COPY_PHASE_STRIP = NO;
				DEBUG_INFORMATION_FORMAT = "dwarf-with-dsym";
				ENABLE_NS_ASSERTIONS = NO;
				ENABLE_STRICT_OBJC_MSGSEND = YES;
				GCC_C_LANGUAGE_STANDARD = gnu11;
				GCC_NO_COMMON_BLOCKS = YES;
				GCC_WARN_64_TO_32_BIT_CONVERSION = YES;
				GCC_WARN_ABOUT_RETURN_TYPE = YES_ERROR;
				GCC_WARN_UNDECLARED_SELECTOR = YES;
				GCC_WARN_UNINITIALIZED_AUTOS = YES_AGGRESSIVE;
				GCC_WARN_UNUSED_FUNCTION = YES;
				GCC_WARN_UNUSED_VARIABLE = YES;
				IPHONEOS_DEPLOYMENT_TARGET = 15.5;
				MTL_ENABLE_DEBUG_INFO = NO;
				MTL_FAST_MATH = YES;
				SDKROOT = iphoneos;
				SWIFT_COMPILATION_MODE = wholemodule;
				SWIFT_OPTIMIZATION_LEVEL = "-O";
				VALIDATE_PRODUCT = YES;
			};
			name = Release;
		};
		9B78DF4F28355823004FF5B7 /* Debug */ = {
			isa = XCBuildConfiguration;
			buildSettings = {
				ASSETCATALOG_COMPILER_APPICON_NAME = AppIcon;
				ASSETCATALOG_COMPILER_GLOBAL_ACCENT_COLOR_NAME = AccentColor;
				CODE_SIGN_STYLE = Automatic;
				CURRENT_PROJECT_VERSION = 1;
				DEVELOPMENT_TEAM = QPU8QS3E62;
				GENERATE_INFOPLIST_FILE = YES;
				INFOPLIST_FILE = OTDesignables_proto/Info.plist;
				INFOPLIST_KEY_UIApplicationSupportsIndirectInputEvents = YES;
				INFOPLIST_KEY_UILaunchStoryboardName = LaunchScreen;
				INFOPLIST_KEY_UIMainStoryboardFile = Main;
				INFOPLIST_KEY_UISupportedInterfaceOrientations_iPad = "UIInterfaceOrientationPortrait UIInterfaceOrientationPortraitUpsideDown UIInterfaceOrientationLandscapeLeft UIInterfaceOrientationLandscapeRight";
				INFOPLIST_KEY_UISupportedInterfaceOrientations_iPhone = "UIInterfaceOrientationPortrait UIInterfaceOrientationLandscapeLeft UIInterfaceOrientationLandscapeRight";
				LD_RUNPATH_SEARCH_PATHS = (
					"$(inherited)",
					"@executable_path/Frameworks",
				);
				MARKETING_VERSION = 1.0;
				PRODUCT_BUNDLE_IDENTIFIER = "com.opentable.OTDesignables-proto";
				PRODUCT_NAME = "$(TARGET_NAME)";
				SWIFT_EMIT_LOC_STRINGS = YES;
				SWIFT_VERSION = 5.0;
				TARGETED_DEVICE_FAMILY = "1,2";
			};
			name = Debug;
		};
		9B78DF5028355823004FF5B7 /* Release */ = {
			isa = XCBuildConfiguration;
			buildSettings = {
				ASSETCATALOG_COMPILER_APPICON_NAME = AppIcon;
				ASSETCATALOG_COMPILER_GLOBAL_ACCENT_COLOR_NAME = AccentColor;
				CODE_SIGN_STYLE = Automatic;
				CURRENT_PROJECT_VERSION = 1;
				DEVELOPMENT_TEAM = QPU8QS3E62;
				GENERATE_INFOPLIST_FILE = YES;
				INFOPLIST_FILE = OTDesignables_proto/Info.plist;
				INFOPLIST_KEY_UIApplicationSupportsIndirectInputEvents = YES;
				INFOPLIST_KEY_UILaunchStoryboardName = LaunchScreen;
				INFOPLIST_KEY_UIMainStoryboardFile = Main;
				INFOPLIST_KEY_UISupportedInterfaceOrientations_iPad = "UIInterfaceOrientationPortrait UIInterfaceOrientationPortraitUpsideDown UIInterfaceOrientationLandscapeLeft UIInterfaceOrientationLandscapeRight";
				INFOPLIST_KEY_UISupportedInterfaceOrientations_iPhone = "UIInterfaceOrientationPortrait UIInterfaceOrientationLandscapeLeft UIInterfaceOrientationLandscapeRight";
				LD_RUNPATH_SEARCH_PATHS = (
					"$(inherited)",
					"@executable_path/Frameworks",
				);
				MARKETING_VERSION = 1.0;
				PRODUCT_BUNDLE_IDENTIFIER = "com.opentable.OTDesignables-proto";
				PRODUCT_NAME = "$(TARGET_NAME)";
				SWIFT_EMIT_LOC_STRINGS = YES;
				SWIFT_VERSION = 5.0;
				TARGETED_DEVICE_FAMILY = "1,2";
			};
			name = Release;
		};
		9B78DF5228355823004FF5B7 /* Debug */ = {
			isa = XCBuildConfiguration;
			buildSettings = {
				ALWAYS_EMBED_SWIFT_STANDARD_LIBRARIES = YES;
				BUNDLE_LOADER = "$(TEST_HOST)";
				CODE_SIGN_STYLE = Automatic;
				CURRENT_PROJECT_VERSION = 1;
				DEVELOPMENT_TEAM = QPU8QS3E62;
				GENERATE_INFOPLIST_FILE = YES;
				IPHONEOS_DEPLOYMENT_TARGET = 15.5;
				MARKETING_VERSION = 1.0;
				PRODUCT_BUNDLE_IDENTIFIER = "com.opentable.OTDesignables-protoTests";
				PRODUCT_NAME = "$(TARGET_NAME)";
				SWIFT_EMIT_LOC_STRINGS = NO;
				SWIFT_VERSION = 5.0;
				TARGETED_DEVICE_FAMILY = "1,2";
				TEST_HOST = "$(BUILT_PRODUCTS_DIR)/OTDesignables_proto.app/OTDesignables_proto";
			};
			name = Debug;
		};
		9B78DF5328355823004FF5B7 /* Release */ = {
			isa = XCBuildConfiguration;
			buildSettings = {
				ALWAYS_EMBED_SWIFT_STANDARD_LIBRARIES = YES;
				BUNDLE_LOADER = "$(TEST_HOST)";
				CODE_SIGN_STYLE = Automatic;
				CURRENT_PROJECT_VERSION = 1;
				DEVELOPMENT_TEAM = QPU8QS3E62;
				GENERATE_INFOPLIST_FILE = YES;
				IPHONEOS_DEPLOYMENT_TARGET = 15.5;
				MARKETING_VERSION = 1.0;
				PRODUCT_BUNDLE_IDENTIFIER = "com.opentable.OTDesignables-protoTests";
				PRODUCT_NAME = "$(TARGET_NAME)";
				SWIFT_EMIT_LOC_STRINGS = NO;
				SWIFT_VERSION = 5.0;
				TARGETED_DEVICE_FAMILY = "1,2";
				TEST_HOST = "$(BUILT_PRODUCTS_DIR)/OTDesignables_proto.app/OTDesignables_proto";
			};
			name = Release;
		};
		9B78DF5528355823004FF5B7 /* Debug */ = {
			isa = XCBuildConfiguration;
			buildSettings = {
				ALWAYS_EMBED_SWIFT_STANDARD_LIBRARIES = YES;
				CODE_SIGN_STYLE = Automatic;
				CURRENT_PROJECT_VERSION = 1;
				DEVELOPMENT_TEAM = QPU8QS3E62;
				GENERATE_INFOPLIST_FILE = YES;
				MARKETING_VERSION = 1.0;
				PRODUCT_BUNDLE_IDENTIFIER = "com.opentable.OTDesignables-protoUITests";
				PRODUCT_NAME = "$(TARGET_NAME)";
				SWIFT_EMIT_LOC_STRINGS = NO;
				SWIFT_VERSION = 5.0;
				TARGETED_DEVICE_FAMILY = "1,2";
				TEST_TARGET_NAME = OTDesignables_proto;
			};
			name = Debug;
		};
		9B78DF5628355823004FF5B7 /* Release */ = {
			isa = XCBuildConfiguration;
			buildSettings = {
				ALWAYS_EMBED_SWIFT_STANDARD_LIBRARIES = YES;
				CODE_SIGN_STYLE = Automatic;
				CURRENT_PROJECT_VERSION = 1;
				DEVELOPMENT_TEAM = QPU8QS3E62;
				GENERATE_INFOPLIST_FILE = YES;
				MARKETING_VERSION = 1.0;
				PRODUCT_BUNDLE_IDENTIFIER = "com.opentable.OTDesignables-protoUITests";
				PRODUCT_NAME = "$(TARGET_NAME)";
				SWIFT_EMIT_LOC_STRINGS = NO;
				SWIFT_VERSION = 5.0;
				TARGETED_DEVICE_FAMILY = "1,2";
				TEST_TARGET_NAME = OTDesignables_proto;
			};
			name = Release;
		};
/* End XCBuildConfiguration section */

/* Begin XCConfigurationList section */
		9B78DF1F28355822004FF5B7 /* Build configuration list for PBXProject "OTDesignables_proto" */ = {
			isa = XCConfigurationList;
			buildConfigurations = (
				9B78DF4C28355823004FF5B7 /* Debug */,
				9B78DF4D28355823004FF5B7 /* Release */,
			);
			defaultConfigurationIsVisible = 0;
			defaultConfigurationName = Release;
		};
		9B78DF4E28355823004FF5B7 /* Build configuration list for PBXNativeTarget "OTDesignables_proto" */ = {
			isa = XCConfigurationList;
			buildConfigurations = (
				9B78DF4F28355823004FF5B7 /* Debug */,
				9B78DF5028355823004FF5B7 /* Release */,
			);
			defaultConfigurationIsVisible = 0;
			defaultConfigurationName = Release;
		};
		9B78DF5128355823004FF5B7 /* Build configuration list for PBXNativeTarget "OTDesignables_protoTests" */ = {
			isa = XCConfigurationList;
			buildConfigurations = (
				9B78DF5228355823004FF5B7 /* Debug */,
				9B78DF5328355823004FF5B7 /* Release */,
			);
			defaultConfigurationIsVisible = 0;
			defaultConfigurationName = Release;
		};
		9B78DF5428355823004FF5B7 /* Build configuration list for PBXNativeTarget "OTDesignables_protoUITests" */ = {
			isa = XCConfigurationList;
			buildConfigurations = (
				9B78DF5528355823004FF5B7 /* Debug */,
				9B78DF5628355823004FF5B7 /* Release */,
			);
			defaultConfigurationIsVisible = 0;
			defaultConfigurationName = Release;
		};
/* End XCConfigurationList section */
	};
	rootObject = 9B78DF1C28355822004FF5B7 /* Project object */;
}
